
Microsoft Visual Studio Solution File, Format Version 12.00
# Visual Studio Version 17
VisualStudioVersion = 17.3.32901.215
MinimumVisualStudioVersion = 10.0.40219.1
Project("{9A19103F-16F7-4668-BE54-9A1E7A4F7556}") = "TinkoffDataCollector", "TinkoffDataCollector\TinkoffDataCollector.csproj", "{A41F7C55-3B1B-4F25-9991-782DFD632A62}"
EndProject
Project("{9A19103F-16F7-4668-BE54-9A1E7A4F7556}") = "SaveService", "SaveService\SaveService.csproj", "{838838B3-5E65-445E-B7C3-1A226EBD4F23}"
EndProject
Project("{9A19103F-16F7-4668-BE54-9A1E7A4F7556}") = "SaveService.SaveInExcel", "SaveService.SaveInExcel\SaveService.SaveInExcel.csproj", "{17B804D0-7B37-4D92-8F24-3E6D5CA9367E}"
EndProject
Project("{9A19103F-16F7-4668-BE54-9A1E7A4F7556}") = "TinkoffDataCollectorService", "TinkoffDataCollectorService\TinkoffDataCollectorService.csproj", "{E157444B-127F-4E16-AC03-B403AF6B6DBD}"
EndProject
Project("{9A19103F-16F7-4668-BE54-9A1E7A4F7556}") = "TinkoffDataCollectorService.BaseSave", "TinkoffDataCollectorService.BaseSave\TinkoffDataCollectorService.BaseSave.csproj", "{A761B7B7-D86F-4D3E-B27F-8F0F0BDB9625}"
EndProject
Project("{9A19103F-16F7-4668-BE54-9A1E7A4F7556}") = "DataService", "DataService\DataService.csproj", "{7817E015-F75D-47CF-8DB4-260220FCB0A6}"
EndProject
Project("{9A19103F-16F7-4668-BE54-9A1E7A4F7556}") = "DataService.GetDataCacheHttpClient", "DataService.GetDataCacheHttpClient\DataService.GetDataCacheHttpClient.csproj", "{35FCB3AC-30C6-45A0-9281-58F7640D3984}"
EndProject
Project("{9A19103F-16F7-4668-BE54-9A1E7A4F7556}") = "DataService.GetDataCacheHttpClient.Repository", "DataService.GetDataCacheHttpClient.Repository\DataService.GetDataCacheHttpClient.Repository.csproj", "{875AF3B4-4789-498D-80CF-DBAE03CB4AC3}"
EndProject
Project("{9A19103F-16F7-4668-BE54-9A1E7A4F7556}") = "DataService.GetDataCacheHttpClient.Repository.RepositoryDb", "DataService.GetDataCacheHttpClient.Repository.RepositoryDb\DataService.GetDataCacheHttpClient.Repository.RepositoryDb.csproj", "{96815A6A-95FD-4ADF-9951-7D3F25579432}"
EndProject
Project("{9A19103F-16F7-4668-BE54-9A1E7A4F7556}") = "DataService.GetDataCacheHttpClient.HttpClientTinkoff", "DataService.GetDataCacheHttpClient.HttpClientTinkoff\DataService.GetDataCacheHttpClient.HttpClientTinkoff.csproj", "{CD6868C3-7688-477D-BD1D-1587A5618E47}"
EndProject
Project("{9A19103F-16F7-4668-BE54-9A1E7A4F7556}") = "DataService.GetDataCacheHttpClient.HttpClientTinkoff.HttpClientTinkoffBase", "DataService.GetDataCacheHttpClient.HttpClientTinkoff.HttpClientTinkoffBase\DataService.GetDataCacheHttpClient.HttpClientTinkoff.HttpClientTinkoffBase.csproj", "{77837D56-2375-4B4E-854E-0FF0F628DC53}"
EndProject
Global
	GlobalSection(SolutionConfigurationPlatforms) = preSolution
		Debug|Any CPU = Debug|Any CPU
		Release|Any CPU = Release|Any CPU
	EndGlobalSection
	GlobalSection(ProjectConfigurationPlatforms) = postSolution
		{A41F7C55-3B1B-4F25-9991-782DFD632A62}.Debug|Any CPU.ActiveCfg = Debug|Any CPU
		{A41F7C55-3B1B-4F25-9991-782DFD632A62}.Debug|Any CPU.Build.0 = Debug|Any CPU
		{A41F7C55-3B1B-4F25-9991-782DFD632A62}.Release|Any CPU.ActiveCfg = Release|Any CPU
		{A41F7C55-3B1B-4F25-9991-782DFD632A62}.Release|Any CPU.Build.0 = Release|Any CPU
		{838838B3-5E65-445E-B7C3-1A226EBD4F23}.Debug|Any CPU.ActiveCfg = Debug|Any CPU
		{838838B3-5E65-445E-B7C3-1A226EBD4F23}.Debug|Any CPU.Build.0 = Debug|Any CPU
		{838838B3-5E65-445E-B7C3-1A226EBD4F23}.Release|Any CPU.ActiveCfg = Release|Any CPU
		{838838B3-5E65-445E-B7C3-1A226EBD4F23}.Release|Any CPU.Build.0 = Release|Any CPU
		{17B804D0-7B37-4D92-8F24-3E6D5CA9367E}.Debug|Any CPU.ActiveCfg = Debug|Any CPU
		{17B804D0-7B37-4D92-8F24-3E6D5CA9367E}.Debug|Any CPU.Build.0 = Debug|Any CPU
		{17B804D0-7B37-4D92-8F24-3E6D5CA9367E}.Release|Any CPU.ActiveCfg = Release|Any CPU
		{17B804D0-7B37-4D92-8F24-3E6D5CA9367E}.Release|Any CPU.Build.0 = Release|Any CPU
		{E157444B-127F-4E16-AC03-B403AF6B6DBD}.Debug|Any CPU.ActiveCfg = Debug|Any CPU
		{E157444B-127F-4E16-AC03-B403AF6B6DBD}.Debug|Any CPU.Build.0 = Debug|Any CPU
		{E157444B-127F-4E16-AC03-B403AF6B6DBD}.Release|Any CPU.ActiveCfg = Release|Any CPU
		{E157444B-127F-4E16-AC03-B403AF6B6DBD}.Release|Any CPU.Build.0 = Release|Any CPU
		{A761B7B7-D86F-4D3E-B27F-8F0F0BDB9625}.Debug|Any CPU.ActiveCfg = Debug|Any CPU
		{A761B7B7-D86F-4D3E-B27F-8F0F0BDB9625}.Debug|Any CPU.Build.0 = Debug|Any CPU
		{A761B7B7-D86F-4D3E-B27F-8F0F0BDB9625}.Release|Any CPU.ActiveCfg = Release|Any CPU
		{A761B7B7-D86F-4D3E-B27F-8F0F0BDB9625}.Release|Any CPU.Build.0 = Release|Any CPU
		{7817E015-F75D-47CF-8DB4-260220FCB0A6}.Debug|Any CPU.ActiveCfg = Debug|Any CPU
		{7817E015-F75D-47CF-8DB4-260220FCB0A6}.Debug|Any CPU.Build.0 = Debug|Any CPU
		{7817E015-F75D-47CF-8DB4-260220FCB0A6}.Release|Any CPU.ActiveCfg = Release|Any CPU
		{7817E015-F75D-47CF-8DB4-260220FCB0A6}.Release|Any CPU.Build.0 = Release|Any CPU
		{35FCB3AC-30C6-45A0-9281-58F7640D3984}.Debug|Any CPU.ActiveCfg = Debug|Any CPU
		{35FCB3AC-30C6-45A0-9281-58F7640D3984}.Debug|Any CPU.Build.0 = Debug|Any CPU
		{35FCB3AC-30C6-45A0-9281-58F7640D3984}.Release|Any CPU.ActiveCfg = Release|Any CPU
		{35FCB3AC-30C6-45A0-9281-58F7640D3984}.Release|Any CPU.Build.0 = Release|Any CPU
		{875AF3B4-4789-498D-80CF-DBAE03CB4AC3}.Debug|Any CPU.ActiveCfg = Debug|Any CPU
		{875AF3B4-4789-498D-80CF-DBAE03CB4AC3}.Debug|Any CPU.Build.0 = Debug|Any CPU
		{875AF3B4-4789-498D-80CF-DBAE03CB4AC3}.Release|Any CPU.ActiveCfg = Release|Any CPU
		{875AF3B4-4789-498D-80CF-DBAE03CB4AC3}.Release|Any CPU.Build.0 = Release|Any CPU
		{96815A6A-95FD-4ADF-9951-7D3F25579432}.Debug|Any CPU.ActiveCfg = Debug|Any CPU
		{96815A6A-95FD-4ADF-9951-7D3F25579432}.Debug|Any CPU.Build.0 = Debug|Any CPU
		{96815A6A-95FD-4ADF-9951-7D3F25579432}.Release|Any CPU.ActiveCfg = Release|Any CPU
		{96815A6A-95FD-4ADF-9951-7D3F25579432}.Release|Any CPU.Build.0 = Release|Any CPU
		{CD6868C3-7688-477D-BD1D-1587A5618E47}.Debug|Any CPU.ActiveCfg = Debug|Any CPU
		{CD6868C3-7688-477D-BD1D-1587A5618E47}.Debug|Any CPU.Build.0 = Debug|Any CPU
		{CD6868C3-7688-477D-BD1D-1587A5618E47}.Release|Any CPU.ActiveCfg = Release|Any CPU
		{CD6868C3-7688-477D-BD1D-1587A5618E47}.Release|Any CPU.Build.0 = Release|Any CPU
		{77837D56-2375-4B4E-854E-0FF0F628DC53}.Debug|Any CPU.ActiveCfg = Debug|Any CPU
		{77837D56-2375-4B4E-854E-0FF0F628DC53}.Debug|Any CPU.Build.0 = Debug|Any CPU
		{77837D56-2375-4B4E-854E-0FF0F628DC53}.Release|Any CPU.ActiveCfg = Release|Any CPU
		{77837D56-2375-4B4E-854E-0FF0F628DC53}.Release|Any CPU.Build.0 = Release|Any CPU
	EndGlobalSection
	GlobalSection(SolutionProperties) = preSolution
		HideSolutionNode = FALSE
	EndGlobalSection
	GlobalSection(ExtensibilityGlobals) = postSolution
		SolutionGuid = {94077F57-4E7D-493C-940E-E99C4F6C26B0}
	EndGlobalSection
EndGlobal
