
Microsoft Visual Studio Solution File, Format Version 12.00
# Visual Studio Version 17
VisualStudioVersion = 17.3.32901.215
MinimumVisualStudioVersion = 10.0.40219.1
Project("{FAE04EC0-301F-11D3-BF4B-00C04F79EFBC}") = "TinkoffDataCollector", "TinkoffDataCollector\TinkoffDataCollector.csproj", "{A41F7C55-3B1B-4F25-9991-782DFD632A62}"
EndProject
Project("{FAE04EC0-301F-11D3-BF4B-00C04F79EFBC}") = "TinkoffDataCollector.TinkoffDataService", "TinkoffDataCollector.TinkoffDataService\TinkoffDataCollector.TinkoffDataService.csproj", "{0BC8BE50-2B6B-47C1-869C-D6E2EFE86B7A}"
EndProject
Project("{FAE04EC0-301F-11D3-BF4B-00C04F79EFBC}") = "TinkoffDataCollector.SaveService", "TinkoffDataCollector.SaveService\TinkoffDataCollector.SaveService.csproj", "{875D93AE-7CAD-4A26-B6E4-E7E42BA05966}"
EndProject
Project("{FAE04EC0-301F-11D3-BF4B-00C04F79EFBC}") = "TinkoffDataCollector.TinkoffDataService.Data", "TinkoffDataCollector.TinkoffDataService.Data\TinkoffDataCollector.TinkoffDataService.Data.csproj", "{93EE3383-4A23-48CE-A6FF-C66B4DC54F60}"
EndProject
Global
	GlobalSection(SolutionConfigurationPlatforms) = preSolution
		Debug|Any CPU = Debug|Any CPU
		Release|Any CPU = Release|Any CPU
	EndGlobalSection
	GlobalSection(ProjectConfigurationPlatforms) = postSolution
		{A41F7C55-3B1B-4F25-9991-782DFD632A62}.Debug|Any CPU.ActiveCfg = Debug|Any CPU
		{A41F7C55-3B1B-4F25-9991-782DFD632A62}.Debug|Any CPU.Build.0 = Debug|Any CPU
		{A41F7C55-3B1B-4F25-9991-782DFD632A62}.Release|Any CPU.ActiveCfg = Release|Any CPU
		{A41F7C55-3B1B-4F25-9991-782DFD632A62}.Release|Any CPU.Build.0 = Release|Any CPU
		{0BC8BE50-2B6B-47C1-869C-D6E2EFE86B7A}.Debug|Any CPU.ActiveCfg = Debug|Any CPU
		{0BC8BE50-2B6B-47C1-869C-D6E2EFE86B7A}.Debug|Any CPU.Build.0 = Debug|Any CPU
		{0BC8BE50-2B6B-47C1-869C-D6E2EFE86B7A}.Release|Any CPU.ActiveCfg = Release|Any CPU
		{0BC8BE50-2B6B-47C1-869C-D6E2EFE86B7A}.Release|Any CPU.Build.0 = Release|Any CPU
		{875D93AE-7CAD-4A26-B6E4-E7E42BA05966}.Debug|Any CPU.ActiveCfg = Debug|Any CPU
		{875D93AE-7CAD-4A26-B6E4-E7E42BA05966}.Debug|Any CPU.Build.0 = Debug|Any CPU
		{875D93AE-7CAD-4A26-B6E4-E7E42BA05966}.Release|Any CPU.ActiveCfg = Release|Any CPU
		{875D93AE-7CAD-4A26-B6E4-E7E42BA05966}.Release|Any CPU.Build.0 = Release|Any CPU
		{93EE3383-4A23-48CE-A6FF-C66B4DC54F60}.Debug|Any CPU.ActiveCfg = Debug|Any CPU
		{93EE3383-4A23-48CE-A6FF-C66B4DC54F60}.Debug|Any CPU.Build.0 = Debug|Any CPU
		{93EE3383-4A23-48CE-A6FF-C66B4DC54F60}.Release|Any CPU.ActiveCfg = Release|Any CPU
		{93EE3383-4A23-48CE-A6FF-C66B4DC54F60}.Release|Any CPU.Build.0 = Release|Any CPU
	EndGlobalSection
	GlobalSection(SolutionProperties) = preSolution
		HideSolutionNode = FALSE
	EndGlobalSection
	GlobalSection(ExtensibilityGlobals) = postSolution
		SolutionGuid = {94077F57-4E7D-493C-940E-E99C4F6C26B0}
	EndGlobalSection
EndGlobal
